
Microsoft Visual Studio Solution File, Format Version 12.00
# Visual Studio 15
VisualStudioVersion = 15.0.28010.2041
MinimumVisualStudioVersion = 10.0.40219.1
Project("{FAE04EC0-301F-11D3-BF4B-00C04F79EFBC}") = "Project01_9535_6781_dotNet5780", "Project01_9535_6781_dotNet5780\Project01_9535_6781_dotNet5780.csproj", "{39483014-5B4F-449A-8838-D1C9DAF149F1}"
EndProject
Project("{FAE04EC0-301F-11D3-BF4B-00C04F79EFBC}") = "BE", "BE\BE.csproj", "{930F1009-E0CF-4D99-A78E-CE3974C8BE33}"
EndProject
Global
	GlobalSection(SolutionConfigurationPlatforms) = preSolution
		Debug|Any CPU = Debug|Any CPU
		Release|Any CPU = Release|Any CPU
	EndGlobalSection
	GlobalSection(ProjectConfigurationPlatforms) = postSolution
		{39483014-5B4F-449A-8838-D1C9DAF149F1}.Debug|Any CPU.ActiveCfg = Debug|Any CPU
		{39483014-5B4F-449A-8838-D1C9DAF149F1}.Debug|Any CPU.Build.0 = Debug|Any CPU
		{39483014-5B4F-449A-8838-D1C9DAF149F1}.Release|Any CPU.ActiveCfg = Release|Any CPU
		{39483014-5B4F-449A-8838-D1C9DAF149F1}.Release|Any CPU.Build.0 = Release|Any CPU
		{930F1009-E0CF-4D99-A78E-CE3974C8BE33}.Debug|Any CPU.ActiveCfg = Debug|Any CPU
		{930F1009-E0CF-4D99-A78E-CE3974C8BE33}.Debug|Any CPU.Build.0 = Debug|Any CPU
		{930F1009-E0CF-4D99-A78E-CE3974C8BE33}.Release|Any CPU.ActiveCfg = Release|Any CPU
		{930F1009-E0CF-4D99-A78E-CE3974C8BE33}.Release|Any CPU.Build.0 = Release|Any CPU
	EndGlobalSection
	GlobalSection(SolutionProperties) = preSolution
		HideSolutionNode = FALSE
	EndGlobalSection
	GlobalSection(ExtensibilityGlobals) = postSolution
		SolutionGuid = {0D8EFE0B-F6AB-4926-B12A-772886A69CE1}
	EndGlobalSection
EndGlobal
